{
  "nodes": {
    "GLWall": {
      "flake": false,
      "locked": {
        "lastModified": 1748496529,
        "narHash": "sha256-NasKu7QbNq7vjDnhAeJWYlcI0n13hne4pUV1MomDcdk=",
        "owner": "ikz87",
        "repo": "GLWall",
        "rev": "207283ad1f466f1f6df8b7d6e6f55bcb19607216",
        "type": "github"
      },
      "original": {
        "owner": "ikz87",
        "repo": "GLWall",
        "type": "github"
      }
    },
    "h-m-m": {
      "flake": false,
      "locked": {
        "lastModified": 1747413523,
        "narHash": "sha256-v9f9rCcMGOJy1Ho07+nanV8v6zAewPNcJ1gCiX2DejI=",
        "owner": "nadrad",
        "repo": "h-m-m",
        "rev": "25e23569f9cf91c3079368ff1156b5332a66defe",
        "type": "github"
      },
      "original": {
        "owner": "nadrad",
        "repo": "h-m-m",
        "type": "github"
      }
    },
    "nixpkgs": {
      "locked": {
        "lastModified": 1748460289,
        "narHash": "sha256-7doLyJBzCllvqX4gszYtmZUToxKvMUrg45EUWaUYmBg=",
        "owner": "nixos",
        "repo": "nixpkgs",
        "rev": "96ec055edbe5ee227f28cdbc3f1ddf1df5965102",
        "type": "github"
      },
      "original": {
        "owner": "nixos",
        "ref": "nixos-unstable",
        "repo": "nixpkgs",
        "type": "github"
      }
    },
    "root": {
      "inputs": {
        "GLWall": "GLWall",
        "h-m-m": "h-m-m",
        "nixpkgs": "nixpkgs"
      }
    }
  },
  "root": "root",
  "version": 7
}
