{
  "nodes": {
    "h-m-m": {
      "flake": false,
      "locked": {
        "lastModified": 1745345701,
        "narHash": "sha256-BxVbsAf+RPY7qwhYclW7L4WEvDcum93LLcpQZAlGoks=",
        "owner": "nadrad",
        "repo": "h-m-m",
        "rev": "a797656673ee6116ce964459c3bb5bbc319a2208",
        "type": "github"
      },
      "original": {
        "owner": "nadrad",
        "repo": "h-m-m",
        "type": "github"
      }
    },
    "nixpkgs": {
      "locked": {
        "lastModified": 1745930157,
        "narHash": "sha256-y3h3NLnzRSiUkYpnfvnS669zWZLoqqI6NprtLQ+5dck=",
        "owner": "nixos",
        "repo": "nixpkgs",
        "rev": "46e634be05ce9dc6d4db8e664515ba10b78151ae",
        "type": "github"
      },
      "original": {
        "owner": "nixos",
        "ref": "nixos-unstable",
        "repo": "nixpkgs",
        "type": "github"
      }
    },
    "root": {
      "inputs": {
        "h-m-m": "h-m-m",
        "nixpkgs": "nixpkgs"
      }
    }
  },
  "root": "root",
  "version": 7
}
