{
  "nodes": {
    "GLWall": {
      "flake": false,
      "locked": {
        "lastModified": 1748496529,
        "narHash": "sha256-NasKu7QbNq7vjDnhAeJWYlcI0n13hne4pUV1MomDcdk=",
        "owner": "ikz87",
        "repo": "GLWall",
        "rev": "207283ad1f466f1f6df8b7d6e6f55bcb19607216",
        "type": "github"
      },
      "original": {
        "owner": "ikz87",
        "repo": "GLWall",
        "type": "github"
      }
    },
    "h2mm": {
      "flake": false,
      "locked": {
        "lastModified": 1758428458,
        "narHash": "sha256-l4TZ2jD3SUP5+CklyrJuE+tljmDgLSqkhmaE+aOg9tw=",
        "owner": "v4n00",
        "repo": "h2mm-cli",
        "rev": "3bf4a5e54256fa340b55cc45c1f129ea1a647910",
        "type": "github"
      },
      "original": {
        "owner": "v4n00",
        "repo": "h2mm-cli",
        "type": "github"
      }
    },
    "nixpkgs": {
      "locked": {
        "lastModified": 1754214453,
        "narHash": "sha256-Q/I2xJn/j1wpkGhWkQnm20nShYnG7TI99foDBpXm1SY=",
        "owner": "nixos",
        "repo": "nixpkgs",
        "rev": "5b09dc45f24cf32316283e62aec81ffee3c3e376",
        "type": "github"
      },
      "original": {
        "owner": "nixos",
        "ref": "nixos-unstable",
        "repo": "nixpkgs",
        "type": "github"
      }
    },
    "root": {
      "inputs": {
        "GLWall": "GLWall",
        "h2mm": "h2mm",
        "nixpkgs": "nixpkgs"
      }
    }
  },
  "root": "root",
  "version": 7
}
